
Microsoft Visual Studio Solution File, Format Version 12.00
# Visual Studio Version 17
VisualStudioVersion = 17.1.32421.90
MinimumVisualStudioVersion = 10.0.40219.1
Project("{9A19103F-16F7-4668-BE54-9A1E7A4F7556}") = "LabWork", "LabWork\LabWork.csproj", "{ECC195EC-1F08-4251-8FBB-5A95688CF397}"
EndProject
Project("{54435603-DBB4-11D2-8724-00A0C9A8B90C}") = "Setup", "Setup\Setup.vdproj", "{C456C46B-DFF5-4593-8191-5E051CD2992A}"
EndProject
Global
	GlobalSection(SolutionConfigurationPlatforms) = preSolution
		Debug|Any CPU = Debug|Any CPU
		Release|Any CPU = Release|Any CPU
	EndGlobalSection
	GlobalSection(ProjectConfigurationPlatforms) = postSolution
		{ECC195EC-1F08-4251-8FBB-5A95688CF397}.Debug|Any CPU.ActiveCfg = Debug|Any CPU
		{ECC195EC-1F08-4251-8FBB-5A95688CF397}.Debug|Any CPU.Build.0 = Debug|Any CPU
		{ECC195EC-1F08-4251-8FBB-5A95688CF397}.Release|Any CPU.ActiveCfg = Release|Any CPU
		{ECC195EC-1F08-4251-8FBB-5A95688CF397}.Release|Any CPU.Build.0 = Release|Any CPU
		{C456C46B-DFF5-4593-8191-5E051CD2992A}.Debug|Any CPU.ActiveCfg = Debug
		{C456C46B-DFF5-4593-8191-5E051CD2992A}.Release|Any CPU.ActiveCfg = Release
	EndGlobalSection
	GlobalSection(SolutionProperties) = preSolution
		HideSolutionNode = FALSE
	EndGlobalSection
	GlobalSection(ExtensibilityGlobals) = postSolution
		SolutionGuid = {22F4504C-5031-46C2-905C-7E6594E3A938}
	EndGlobalSection
EndGlobal
